
Microsoft Visual Studio Solution File, Format Version 12.00
# Visual Studio for Mac
Project("{FAE04EC0-301F-11D3-BF4B-00C04F79EFBC}") = "HarmoniaTest", "HarmoniaTest.csproj", "{71D690D5-3316-C5D5-BC53-5745AA3EA8CE}"
EndProject
Global
	GlobalSection(SolutionConfigurationPlatforms) = preSolution
		Debug|Any CPU = Debug|Any CPU
		Release|Any CPU = Release|Any CPU
	EndGlobalSection
	GlobalSection(ProjectConfigurationPlatforms) = postSolution
		{71D690D5-3316-C5D5-BC53-5745AA3EA8CE}.Debug|Any CPU.ActiveCfg = Debug|Any CPU
		{71D690D5-3316-C5D5-BC53-5745AA3EA8CE}.Debug|Any CPU.Build.0 = Debug|Any CPU
		{71D690D5-3316-C5D5-BC53-5745AA3EA8CE}.Release|Any CPU.ActiveCfg = Release|Any CPU
		{71D690D5-3316-C5D5-BC53-5745AA3EA8CE}.Release|Any CPU.Build.0 = Release|Any CPU
	EndGlobalSection
	GlobalSection(SolutionProperties) = preSolution
		HideSolutionNode = FALSE
	EndGlobalSection
EndGlobal
